{
    "name": "count-chat",
    "lockfileVersion": 2,
    "requires": true,
    "packages": {
        "": {
            "name": "count-chat",
            "dependencies": {
                "@thegoodcompany/common-utils-js": "^1.4.3"
            },
            "devDependencies": {
                "@types/node": "^14.14.22"
            }
        },
        "node_modules/@thegoodcompany/common-utils-js": {
            "version": "1.4.3",
            "resolved": "https://npm.pkg.github.com/download/@thegoodcompany/common-utils-js/1.4.3/c6cabe4fa90b3ead04ec650cf7e8ef9bfd10014b094636b15ccc9daaaa312362",
            "integrity": "sha512-WSKlXcQlMxefJ5BzCIjMTTV9qfTH1dk0qMA/A77NfpF0vBdqTVkK54ari45BwXZMVm48slL4d8ZvS46rEuL4Vg==",
            "license": "MIT"
        },
        "node_modules/@types/node": {
            "version": "14.14.22",
            "resolved": "https://registry.npmjs.org/@types/node/-/node-14.14.22.tgz",
            "integrity": "sha512-g+f/qj/cNcqKkc3tFqlXOYjrmZA+jNBiDzbP3kH+B+otKFqAdPgVTGP1IeKRdMml/aE69as5S4FqtxAbl+LaMw==",
            "dev": true
        }
    },
    "dependencies": {
        "@thegoodcompany/common-utils-js": {
            "version": "1.4.3",
            "resolved": "https://npm.pkg.github.com/download/@thegoodcompany/common-utils-js/1.4.3/c6cabe4fa90b3ead04ec650cf7e8ef9bfd10014b094636b15ccc9daaaa312362",
            "integrity": "sha512-WSKlXcQlMxefJ5BzCIjMTTV9qfTH1dk0qMA/A77NfpF0vBdqTVkK54ari45BwXZMVm48slL4d8ZvS46rEuL4Vg=="
        },
        "@types/node": {
            "version": "14.14.22",
            "resolved": "https://registry.npmjs.org/@types/node/-/node-14.14.22.tgz",
            "integrity": "sha512-g+f/qj/cNcqKkc3tFqlXOYjrmZA+jNBiDzbP3kH+B+otKFqAdPgVTGP1IeKRdMml/aE69as5S4FqtxAbl+LaMw==",
            "dev": true
        }
    }
}
